Microsoft Visual Studio Solution File, Format Version 12.00
# Visual Studio Version 17
VisualStudioVersion = 17.5.2.0
MinimumVisualStudioVersion = 10.0.40219.1
Project("{FAE04EC0-301F-11D3-BF4B-00C04F79EFBC}") = "ShutdownSchedule", "ShutdownSchedule.csproj", "{DEC616F5-BD7F-BFA1-17D9-82F8454596CE}"
EndProject
Global
	GlobalSection(SolutionConfigurationPlatforms) = preSolution
		Debug|Any CPU = Debug|Any CPU
		Release|Any CPU = Release|Any CPU
	EndGlobalSection
	GlobalSection(ProjectConfigurationPlatforms) = postSolution
		{DEC616F5-BD7F-BFA1-17D9-82F8454596CE}.Debug|Any CPU.ActiveCfg = Debug|Any CPU
		{DEC616F5-BD7F-BFA1-17D9-82F8454596CE}.Debug|Any CPU.Build.0 = Debug|Any CPU
		{DEC616F5-BD7F-BFA1-17D9-82F8454596CE}.Release|Any CPU.ActiveCfg = Release|Any CPU
		{DEC616F5-BD7F-BFA1-17D9-82F8454596CE}.Release|Any CPU.Build.0 = Release|Any CPU
	EndGlobalSection
	GlobalSection(SolutionProperties) = preSolution
		HideSolutionNode = FALSE
	EndGlobalSection
	GlobalSection(ExtensibilityGlobals) = postSolution
		SolutionGuid = {36F1D103-836D-4911-ADBE-B4A82C1C2F09}
	EndGlobalSection
EndGlobal
